{
  "version": 4,
  "terraform_version": "1.5.7",
  "serial": 263,
  "lineage": "1abd20c7-594c-3541-165f-b7b03469ca08",
  "outputs": {
    "load_balancer_ip": {
      "value": "34.111.162.184",
      "type": "string"
    },
    "storage_buckets": {
      "value": [
        "website-assets-bucket"
      ],
      "type": [
        "tuple",
        [
          "string"
        ]
      ]
    }
  },
  "resources": [
    {
      "module": "module.cloud_sql",
      "mode": "managed",
      "type": "google_sql_database",
      "name": "default",
      "provider": "provider[\"registry.terraform.io/hashicorp/google\"]",
      "instances": [
        {
          "index_key": "main-db",
          "schema_version": 0,
          "attributes": {
            "charset": "utf8mb4",
            "collation": "utf8mb4_0900_ai_ci",
            "deletion_policy": "DELETE",
            "id": "projects/alperenokur-sandbox-415013/instances/website-db-v3/databases/website",
            "instance": "website-db-v3",
            "name": "website",
            "project": "alperenokur-sandbox-415013",
            "self_link": "https://sqladmin.googleapis.com/sql/v1beta4/projects/alperenokur-sandbox-415013/instances/website-db-v3/databases/website",
            "timeouts": null
          },
          "sensitive_attributes": [],
          "private": "eyJlMmJmYjczMC1lY2FhLTExZTYtOGY4OC0zNDM2M2JjN2M0YzAiOnsiY3JlYXRlIjoxMjAwMDAwMDAwMDAwLCJkZWxldGUiOjEyMDAwMDAwMDAwMDAsInVwZGF0ZSI6MTIwMDAwMDAwMDAwMH19",
          "dependencies": [
            "module.cloud_sql.google_sql_database_instance.default",
            "module.network.google_compute_global_address.private_ip_alloc",
            "module.network.google_compute_network.network",
            "module.network.google_service_networking_connection.private_vpc_connection"
          ]
        }
      ]
    },
    {
      "module": "module.cloud_sql",
      "mode": "managed",
      "type": "google_sql_database_instance",
      "name": "default",
      "provider": "provider[\"registry.terraform.io/hashicorp/google\"]",
      "instances": [
        {
          "index_key": "main-db",
          "schema_version": 0,
          "attributes": {
            "available_maintenance_versions": [],
            "backupdr_backup": null,
            "clone": [],
            "connection_name": "alperenokur-sandbox-415013:europe-west1:website-db-v3",
            "database_version": "MYSQL_8_0",
            "deletion_protection": false,
            "dns_name": "",
            "dns_names": [],
            "encryption_key_name": null,
            "final_backup_description": null,
            "first_ip_address": "10.9.0.3",
            "id": "website-db-v3",
            "instance_type": "CLOUD_SQL_INSTANCE",
            "ip_address": [
              {
                "ip_address": "10.9.0.3",
                "time_to_retire": "",
                "type": "PRIVATE"
              }
            ],
            "maintenance_version": "MYSQL_8_0_43.R20251004.01_24",
            "master_instance_name": "",
            "name": "website-db-v3",
            "node_count": 0,
            "point_in_time_restore_context": [],
            "private_ip_address": "10.9.0.3",
            "project": "alperenokur-sandbox-415013",
            "psc_service_attachment_link": "",
            "public_ip_address": "",
            "region": "europe-west1",
            "replica_configuration": [],
            "replica_names": [],
            "replication_cluster": [
              {
                "dr_replica": false,
                "failover_dr_replica_name": "",
                "psa_write_endpoint": ""
              }
            ],
            "restore_backup_context": [],
            "root_password": null,
            "root_password_wo": null,
            "root_password_wo_version": null,
            "self_link": "https://sqladmin.googleapis.com/sql/v1beta4/projects/alperenokur-sandbox-415013/instances/website-db-v3",
            "server_ca_cert": [
              {
                "cert": "-----BEGIN CERTIFICATE-----\nMIIDfzCCAmegAwIBAgIBADANBgkqhkiG9w0BAQsFADB3MS0wKwYDVQQuEyQ4MDc4\nMjlkMS1iMjcyLTRlNTctOTI4MC1hMWQwNzkxNjVjNDQxIzAhBgNVBAMTGkdvb2ds\nZSBDbG91ZCBTUUwgU2VydmVyIENBMRQwEgYDVQQKEwtHb29nbGUsIEluYzELMAkG\nA1UEBhMCVVMwHhcNMjYwMTIwMTMzNDAzWhcNMzYwMTE4MTMzNTAzWjB3MS0wKwYD\nVQQuEyQ4MDc4MjlkMS1iMjcyLTRlNTctOTI4MC1hMWQwNzkxNjVjNDQxIzAhBgNV\nBAMTGkdvb2dsZSBDbG91ZCBTUUwgU2VydmVyIENBMRQwEgYDVQQKEwtHb29nbGUs\nIEluYzELMAkGA1UEBhMCVVMwggEiMA0GCSqGSIb3DQEBAQUAA4IBDwAwggEKAoIB\nAQDAvA3bK5N7Jwmx6ehtR3akedvjMMRWMj7clZ3nOItdUDmiyExrrI6x0bUSiXO8\n2BQEalMhxW5b/jgWFAnNXgoOPBP58TdpcHDFSvuvspEIY2ll/NZawwbsHVRQnGU+\nGTWEnPVBd9yMizoRMzxhLfZFmRZYdMeAMJk4UYDoXjp9CF8J32gngVbcfuOuoa1q\nI4by3iQ/IY1tIXplU9HGtmj93bjeQNdDTyBhmNN9j6rrC5yODRTmw/fVyWq6oUpa\n+XQSD19SugM9eNXX4/78+NscRPdZGYocknSuBq+WaKc6Z12Ry77DtYrglTlbVdkU\nqZ3TRgiVEaOL3YSqDelzkrqFAgMBAAGjFjAUMBIGA1UdEwEB/wQIMAYBAf8CAQAw\nDQYJKoZIhvcNAQELBQADggEBADlgLy3icculmf6+krYfpEq/oldVDC564MlaT+81\n6irQ8+q7sy30MXbX4nK6DEIZktFNdVuA4XFx86bsTK3MBFCDJR6zOFppiwyW0bY1\n7FewqS0o9ajL/42034GG4XCR3b7mf+wJtZEYA2UOubiHONTxRtchy5ZA/ChhWMHc\n+QXgyuWA4fR+RvHnUNjB6H4qt9ejsm5iunjnIqadTG+55lRmHWth6X23reEG/aUN\n1E8nthhXgYJVRSkEFzMHM/0CRiqwBIB6uDtqY7jjsWYjOSTE1vkl79QJhf0spM5n\nSq22yWoyXRit3V7SR/4XopNlOM8JCprWhWApm8IadFOO48U=\n-----END CERTIFICATE-----",
                "common_name": "C=US,O=Google\\, Inc,CN=Google Cloud SQL Server CA,dnQualifier=807829d1-b272-4e57-9280-a1d079165c44",
                "create_time": "2026-01-20T13:34:03.068Z",
                "expiration_time": "2036-01-18T13:35:03.068Z",
                "sha1_fingerprint": "71ebb75999b543b0b0ddad2e628d1d75ad2612ea"
              }
            ],
            "service_account_email_address": "p883497052771-y5aleu@gcp-sa-cloud-sql.iam.gserviceaccount.com",
            "settings": [
              {
                "activation_policy": "ALWAYS",
                "active_directory_config": [],
                "advanced_machine_features": [],
                "availability_type": "ZONAL",
                "backup_configuration": [
                  {
                    "backup_retention_settings": [
                      {
                        "retained_backups": 7,
                        "retention_unit": "COUNT"
                      }
                    ],
                    "backup_tier": "STANDARD",
                    "binary_log_enabled": false,
                    "enabled": true,
                    "location": "",
                    "point_in_time_recovery_enabled": false,
                    "start_time": "23:00",
                    "transaction_log_retention_days": 7
                  }
                ],
                "collation": "",
                "connection_pool_config": [],
                "connector_enforcement": "NOT_REQUIRED",
                "data_cache_config": [
                  {
                    "data_cache_enabled": false
                  }
                ],
                "database_flags": [],
                "deletion_protection_enabled": false,
                "deny_maintenance_period": [],
                "disk_autoresize": true,
                "disk_autoresize_limit": 0,
                "disk_size": 50,
                "disk_type": "PD_SSD",
                "edition": "ENTERPRISE",
                "effective_availability_type": "ZONAL",
                "enable_dataplex_integration": false,
                "enable_google_ml_integration": false,
                "final_backup_config": [],
                "insights_config": [],
                "ip_configuration": [
                  {
                    "allocated_ip_range": "",
                    "authorized_networks": [],
                    "custom_subject_alternative_names": null,
                    "enable_private_path_for_google_cloud_services": true,
                    "ipv4_enabled": false,
                    "private_network": "projects/alperenokur-sandbox-415013/global/networks/website-vpc",
                    "psc_config": [],
                    "server_ca_mode": "GOOGLE_MANAGED_INTERNAL_CA",
                    "server_ca_pool": "",
                    "ssl_mode": "ALLOW_UNENCRYPTED_AND_ENCRYPTED"
                  }
                ],
                "location_preference": [
                  {
                    "follow_gae_application": "",
                    "secondary_zone": "",
                    "zone": "europe-west1-b"
                  }
                ],
                "maintenance_window": [
                  {
                    "day": 7,
                    "hour": 3,
                    "update_track": "stable"
                  }
                ],
                "password_validation_policy": [],
                "pricing_plan": "PER_USE",
                "read_pool_auto_scale_config": [
                  {
                    "disable_scale_in": false,
                    "enabled": false,
                    "max_node_count": 0,
                    "min_node_count": 0,
                    "scale_in_cooldown_seconds": 0,
                    "scale_out_cooldown_seconds": 0,
                    "target_metrics": []
                  }
                ],
                "retain_backups_on_delete": false,
                "sql_server_audit_config": [],
                "tier": "db-f1-micro",
                "time_zone": "",
                "user_labels": {},
                "version": 1
              }
            ],
            "timeouts": null
          },
          "sensitive_attributes": [],
          "private": "eyJlMmJmYjczMC1lY2FhLTExZTYtOGY4OC0zNDM2M2JjN2M0YzAiOnsiY3JlYXRlIjo1NDAwMDAwMDAwMDAwLCJkZWxldGUiOjU0MDAwMDAwMDAwMDAsInVwZGF0ZSI6NTQwMDAwMDAwMDAwMH19",
          "dependencies": [
            "module.network.google_compute_global_address.private_ip_alloc",
            "module.network.google_compute_network.network",
            "module.network.google_service_networking_connection.private_vpc_connection"
          ]
        }
      ]
    },
    {
      "module": "module.cloud_sql",
      "mode": "managed",
      "type": "google_sql_user",
      "name": "default",
      "provider": "provider[\"registry.terraform.io/hashicorp/google\"]",
      "instances": [
        {
          "index_key": "main-db",
          "schema_version": 1,
          "attributes": {
            "deletion_policy": null,
            "host": "",
            "id": "admin//website-db-v3",
            "instance": "website-db-v3",
            "name": "admin",
            "password": null,
            "password_policy": [],
            "password_wo": null,
            "password_wo_version": null,
            "project": "alperenokur-sandbox-415013",
            "sql_server_user_details": [],
            "timeouts": null,
            "type": ""
          },
          "sensitive_attributes": [],
          "private": "eyJlMmJmYjczMC1lY2FhLTExZTYtOGY4OC0zNDM2M2JjN2M0YzAiOnsiY3JlYXRlIjo2MDAwMDAwMDAwMDAsImRlbGV0ZSI6NjAwMDAwMDAwMDAwLCJ1cGRhdGUiOjYwMDAwMDAwMDAwMH0sInNjaGVtYV92ZXJzaW9uIjoiMSJ9",
          "dependencies": [
            "module.cloud_sql.google_sql_database_instance.default",
            "module.network.google_compute_global_address.private_ip_alloc",
            "module.network.google_compute_network.network",
            "module.network.google_service_networking_connection.private_vpc_connection"
          ]
        }
      ]
    },
    {
      "module": "module.cloud_storage",
      "mode": "managed",
      "type": "google_storage_bucket",
      "name": "buckets",
      "provider": "provider[\"registry.terraform.io/hashicorp/google\"]",
      "instances": [
        {
          "index_key": "website-assets-bucket",
          "schema_version": 4,
          "attributes": {
            "autoclass": [],
            "cors": [],
            "custom_placement_config": [],
            "default_event_based_hold": false,
            "effective_labels": {
              "goog-terraform-provisioned": "true"
            },
            "enable_object_retention": false,
            "encryption": [],
            "force_destroy": false,
            "hierarchical_namespace": [
              {
                "enabled": false
              }
            ],
            "id": "website-assets-bucket",
            "ip_filter": [],
            "labels": null,
            "lifecycle_rule": [],
            "location": "EUROPE-WEST1",
            "logging": [],
            "name": "website-assets-bucket",
            "project": "alperenokur-sandbox-415013",
            "project_number": 883497052771,
            "public_access_prevention": "inherited",
            "requester_pays": false,
            "retention_policy": [],
            "rpo": null,
            "self_link": "https://www.googleapis.com/storage/v1/b/website-assets-bucket",
            "soft_delete_policy": [
              {
                "effective_time": "2026-01-20T13:30:48.106Z",
                "retention_duration_seconds": 604800
              }
            ],
            "storage_class": "STANDARD",
            "terraform_labels": {
              "goog-terraform-provisioned": "true"
            },
            "time_created": "2026-01-20T13:30:48.106Z",
            "timeouts": null,
            "uniform_bucket_level_access": false,
            "updated": "2026-01-20T13:30:48.106Z",
            "url": "gs://website-assets-bucket",
            "versioning": [],
            "website": []
          },
          "sensitive_attributes": [],
          "private": "eyJlMmJmYjczMC1lY2FhLTExZTYtOGY4OC0zNDM2M2JjN2M0YzAiOnsiY3JlYXRlIjo2MDAwMDAwMDAwMDAsInJlYWQiOjI0MDAwMDAwMDAwMCwidXBkYXRlIjoyNDAwMDAwMDAwMDB9LCJzY2hlbWFfdmVyc2lvbiI6IjQifQ=="
        }
      ]
    },
    {
      "module": "module.load_balancer",
      "mode": "managed",
      "type": "google_compute_backend_service",
      "name": "default",
      "provider": "provider[\"registry.terraform.io/hashicorp/google\"]",
      "instances": [
        {
          "index_key": "default",
          "schema_version": 1,
          "attributes": {
            "affinity_cookie_ttl_sec": 0,
            "backend": [
              {
                "balancing_mode": "UTILIZATION",
                "capacity_scaler": 1,
                "custom_metrics": [],
                "description": "",
                "group": "https://www.googleapis.com/compute/v1/projects/alperenokur-sandbox-415013/regions/europe-west1/instanceGroups/web-mig",
                "max_connections": 0,
                "max_connections_per_endpoint": 0,
                "max_connections_per_instance": 0,
                "max_rate": 0,
                "max_rate_per_endpoint": 0,
                "max_rate_per_instance": 0,
                "max_utilization": 0.8,
                "preference": ""
              }
            ],
            "cdn_policy": [],
            "circuit_breakers": [],
            "compression_mode": "",
            "connection_draining_timeout_sec": 300,
            "consistent_hash": [],
            "creation_timestamp": "2026-01-20T05:31:56.787-08:00",
            "custom_metrics": [],
            "custom_request_headers": null,
            "custom_response_headers": null,
            "description": "",
            "edge_security_policy": "",
            "enable_cdn": false,
            "external_managed_migration_state": "",
            "external_managed_migration_testing_percentage": 0,
            "fingerprint": "G-D2-KIeD38=",
            "generated_id": 5645641978604567843,
            "health_checks": [
              "projects/alperenokur-sandbox-415013/global/healthChecks/website-lb-hc-default"
            ],
            "iap": [],
            "id": "projects/alperenokur-sandbox-415013/global/backendServices/website-lb",
            "ip_address_selection_policy": "",
            "load_balancing_scheme": "EXTERNAL_MANAGED",
            "locality_lb_policies": [],
            "locality_lb_policy": "",
            "log_config": [
              {
                "enable": true,
                "optional_fields": null,
                "optional_mode": "EXCLUDE_ALL_OPTIONAL",
                "sample_rate": 1
              }
            ],
            "max_stream_duration": [],
            "name": "website-lb",
            "outlier_detection": [],
            "params": [],
            "port_name": "http",
            "project": "alperenokur-sandbox-415013",
            "protocol": "HTTP",
            "security_policy": "",
            "security_settings": [],
            "self_link": "https://www.googleapis.com/compute/v1/projects/alperenokur-sandbox-415013/global/backendServices/website-lb",
            "service_lb_policy": "",
            "session_affinity": "NONE",
            "strong_session_affinity_cookie": [],
            "timeout_sec": 30,
            "timeouts": null,
            "tls_settings": []
          },
          "sensitive_attributes": [],
          "private": "eyJlMmJmYjczMC1lY2FhLTExZTYtOGY4OC0zNDM2M2JjN2M0YzAiOnsiY3JlYXRlIjoxMjAwMDAwMDAwMDAwLCJkZWxldGUiOjEyMDAwMDAwMDAwMDAsInVwZGF0ZSI6MTIwMDAwMDAwMDAwMH0sInNjaGVtYV92ZXJzaW9uIjoiMSJ9",
          "dependencies": [
            "module.load_balancer.google_compute_health_check.default",
            "module.load_balancer.google_compute_region_network_endpoint_group.serverless_negs",
            "module.managed_instance_group.google_compute_instance_template.tpl",
            "module.managed_instance_group.google_compute_region_instance_group_manager.mig",
            "module.network.google_compute_network.network",
            "module.network.google_compute_subnetwork.subnetwork"
          ]
        }
      ]
    },
    {
      "module": "module.load_balancer",
      "mode": "managed",
      "type": "google_compute_global_address",
      "name": "lb_ip",
      "provider": "provider[\"registry.terraform.io/hashicorp/google\"]",
      "instances": [
        {
          "schema_version": 0,
          "attributes": {
            "address": "34.111.162.184",
            "address_type": "EXTERNAL",
            "creation_timestamp": "2026-01-20T05:30:47.274-08:00",
            "description": "",
            "effective_labels": {
              "goog-terraform-provisioned": "true"
            },
            "id": "projects/alperenokur-sandbox-415013/global/addresses/website-lb",
            "ip_version": "",
            "label_fingerprint": "vezUS-42LLM=",
            "labels": null,
            "name": "website-lb",
            "network": "",
            "prefix_length": 0,
            "project": "alperenokur-sandbox-415013",
            "purpose": "",
            "self_link": "https://www.googleapis.com/compute/v1/projects/alperenokur-sandbox-415013/global/addresses/website-lb",
            "terraform_labels": {
              "goog-terraform-provisioned": "true"
            },
            "timeouts": null
          },
          "sensitive_attributes": [],
          "private": "eyJlMmJmYjczMC1lY2FhLTExZTYtOGY4OC0zNDM2M2JjN2M0YzAiOnsiY3JlYXRlIjoxMjAwMDAwMDAwMDAwLCJkZWxldGUiOjEyMDAwMDAwMDAwMDAsInVwZGF0ZSI6MTIwMDAwMDAwMDAwMH19"
        }
      ]
    },
    {
      "module": "module.load_balancer",
      "mode": "managed",
      "type": "google_compute_global_forwarding_rule",
      "name": "http_forwarding_rule",
      "provider": "provider[\"registry.terraform.io/hashicorp/google\"]",
      "instances": [
        {
          "schema_version": 0,
          "attributes": {
            "base_forwarding_rule": "",
            "description": "",
            "effective_labels": {},
            "external_managed_backend_bucket_migration_state": "",
            "external_managed_backend_bucket_migration_testing_percentage": 0,
            "forwarding_rule_id": 8252177572356569844,
            "id": "projects/alperenokur-sandbox-415013/global/forwardingRules/website-lb-http",
            "ip_address": "34.111.162.184",
            "ip_protocol": "TCP",
            "ip_version": "",
            "label_fingerprint": "42WmSpB8rSM=",
            "labels": null,
            "load_balancing_scheme": "EXTERNAL_MANAGED",
            "metadata_filters": [],
            "name": "website-lb-http",
            "network": "",
            "network_tier": "PREMIUM",
            "no_automate_dns_zone": null,
            "port_range": "80-80",
            "project": "alperenokur-sandbox-415013",
            "psc_connection_id": "",
            "psc_connection_status": "",
            "self_link": "https://www.googleapis.com/compute/v1/projects/alperenokur-sandbox-415013/global/forwardingRules/website-lb-http",
            "service_directory_registrations": [],
            "source_ip_ranges": null,
            "subnetwork": "",
            "target": "https://www.googleapis.com/compute/v1/projects/alperenokur-sandbox-415013/global/targetHttpProxies/website-lb-http-proxy",
            "terraform_labels": {},
            "timeouts": null
          },
          "sensitive_attributes": [],
          "private": "eyJlMmJmYjczMC1lY2FhLTExZTYtOGY4OC0zNDM2M2JjN2M0YzAiOnsiY3JlYXRlIjoxMjAwMDAwMDAwMDAwLCJkZWxldGUiOjEyMDAwMDAwMDAwMDAsInVwZGF0ZSI6MTIwMDAwMDAwMDAwMH19",
          "dependencies": [
            "module.load_balancer.google_compute_backend_service.default",
            "module.load_balancer.google_compute_global_address.lb_ip",
            "module.load_balancer.google_compute_health_check.default",
            "module.load_balancer.google_compute_region_network_endpoint_group.serverless_negs",
            "module.load_balancer.google_compute_target_http_proxy.http_proxy",
            "module.load_balancer.google_compute_url_map.https_redirect",
            "module.load_balancer.google_compute_url_map.url_map",
            "module.managed_instance_group.google_compute_instance_template.tpl",
            "module.managed_instance_group.google_compute_region_instance_group_manager.mig",
            "module.network.google_compute_network.network",
            "module.network.google_compute_subnetwork.subnetwork"
          ]
        }
      ]
    },
    {
      "module": "module.load_balancer",
      "mode": "managed",
      "type": "google_compute_health_check",
      "name": "default",
      "provider": "provider[\"registry.terraform.io/hashicorp/google\"]",
      "instances": [
        {
          "index_key": "default",
          "schema_version": 0,
          "attributes": {
            "check_interval_sec": 5,
            "creation_timestamp": "2026-01-20T05:31:44.340-08:00",
            "description": "",
            "grpc_health_check": [],
            "grpc_tls_health_check": [],
            "healthy_threshold": 2,
            "http2_health_check": [],
            "http_health_check": [],
            "https_health_check": [],
            "id": "projects/alperenokur-sandbox-415013/global/healthChecks/website-lb-hc-default",
            "log_config": [
              {
                "enable": false
              }
            ],
            "name": "website-lb-hc-default",
            "project": "alperenokur-sandbox-415013",
            "self_link": "https://www.googleapis.com/compute/v1/projects/alperenokur-sandbox-415013/global/healthChecks/website-lb-hc-default",
            "source_regions": null,
            "ssl_health_check": [],
            "tcp_health_check": [
              {
                "port": 80,
                "port_name": "",
                "port_specification": "",
                "proxy_header": "NONE",
                "request": "",
                "response": ""
              }
            ],
            "timeout_sec": 5,
            "timeouts": null,
            "type": "TCP",
            "unhealthy_threshold": 2
          },
          "sensitive_attributes": [],
          "private": "eyJlMmJmYjczMC1lY2FhLTExZTYtOGY4OC0zNDM2M2JjN2M0YzAiOnsiY3JlYXRlIjoxMjAwMDAwMDAwMDAwLCJkZWxldGUiOjEyMDAwMDAwMDAwMDAsInVwZGF0ZSI6MTIwMDAwMDAwMDAwMH19",
          "dependencies": [
            "module.managed_instance_group.google_compute_instance_template.tpl",
            "module.managed_instance_group.google_compute_region_instance_group_manager.mig",
            "module.network.google_compute_network.network",
            "module.network.google_compute_subnetwork.subnetwork"
          ]
        }
      ]
    },
    {
      "module": "module.load_balancer",
      "mode": "managed",
      "type": "google_compute_target_http_proxy",
      "name": "http_proxy",
      "provider": "provider[\"registry.terraform.io/hashicorp/google\"]",
      "instances": [
        {
          "schema_version": 0,
          "attributes": {
            "creation_timestamp": "2026-01-20T05:33:03.343-08:00",
            "description": "",
            "fingerprint": "WZyeY0RQFxI=",
            "http_keep_alive_timeout_sec": 0,
            "id": "projects/alperenokur-sandbox-415013/global/targetHttpProxies/website-lb-http-proxy",
            "name": "website-lb-http-proxy",
            "project": "alperenokur-sandbox-415013",
            "proxy_bind": false,
            "proxy_id": 718858360270764768,
            "self_link": "https://www.googleapis.com/compute/v1/projects/alperenokur-sandbox-415013/global/targetHttpProxies/website-lb-http-proxy",
            "timeouts": null,
            "url_map": "https://www.googleapis.com/compute/v1/projects/alperenokur-sandbox-415013/global/urlMaps/website-lb-load-balancer"
          },
          "sensitive_attributes": [],
          "private": "eyJlMmJmYjczMC1lY2FhLTExZTYtOGY4OC0zNDM2M2JjN2M0YzAiOnsiY3JlYXRlIjoxMjAwMDAwMDAwMDAwLCJkZWxldGUiOjEyMDAwMDAwMDAwMDAsInVwZGF0ZSI6MTIwMDAwMDAwMDAwMH19",
          "dependencies": [
            "module.load_balancer.google_compute_backend_service.default",
            "module.load_balancer.google_compute_health_check.default",
            "module.load_balancer.google_compute_region_network_endpoint_group.serverless_negs",
            "module.load_balancer.google_compute_url_map.https_redirect",
            "module.load_balancer.google_compute_url_map.url_map",
            "module.managed_instance_group.google_compute_instance_template.tpl",
            "module.managed_instance_group.google_compute_region_instance_group_manager.mig",
            "module.network.google_compute_network.network",
            "module.network.google_compute_subnetwork.subnetwork"
          ]
        }
      ]
    },
    {
      "module": "module.load_balancer",
      "mode": "managed",
      "type": "google_compute_url_map",
      "name": "https_redirect",
      "provider": "provider[\"registry.terraform.io/hashicorp/google\"]",
      "instances": [
        {
          "index_key": 0,
          "schema_version": 0,
          "attributes": {
            "creation_timestamp": "2026-01-20T05:30:47.124-08:00",
            "default_custom_error_response_policy": [],
            "default_route_action": [],
            "default_service": "",
            "default_url_redirect": [
              {
                "host_redirect": "",
                "https_redirect": true,
                "path_redirect": "",
                "prefix_redirect": "",
                "redirect_response_code": "MOVED_PERMANENTLY_DEFAULT",
                "strip_query": false
              }
            ],
            "description": "",
            "fingerprint": "srLm0CCScaA=",
            "header_action": [],
            "host_rule": [],
            "id": "projects/alperenokur-sandbox-415013/global/urlMaps/website-lb-https-redirect",
            "map_id": 219375628208717160,
            "name": "website-lb-https-redirect",
            "path_matcher": [],
            "project": "alperenokur-sandbox-415013",
            "self_link": "https://www.googleapis.com/compute/v1/projects/alperenokur-sandbox-415013/global/urlMaps/website-lb-https-redirect",
            "test": [],
            "timeouts": null
          },
          "sensitive_attributes": [],
          "private": "eyJlMmJmYjczMC1lY2FhLTExZTYtOGY4OC0zNDM2M2JjN2M0YzAiOnsiY3JlYXRlIjoxMjAwMDAwMDAwMDAwLCJkZWxldGUiOjEyMDAwMDAwMDAwMDAsInVwZGF0ZSI6MTIwMDAwMDAwMDAwMH19"
        }
      ]
    },
    {
      "module": "module.load_balancer",
      "mode": "managed",
      "type": "google_compute_url_map",
      "name": "url_map",
      "provider": "provider[\"registry.terraform.io/hashicorp/google\"]",
      "instances": [
        {
          "schema_version": 0,
          "attributes": {
            "creation_timestamp": "2026-01-20T05:32:51.149-08:00",
            "default_custom_error_response_policy": [],
            "default_route_action": [],
            "default_service": "https://www.googleapis.com/compute/v1/projects/alperenokur-sandbox-415013/global/backendServices/website-lb",
            "default_url_redirect": [],
            "description": "",
            "fingerprint": "Ll_v5uxu5BY=",
            "header_action": [],
            "host_rule": [],
            "id": "projects/alperenokur-sandbox-415013/global/urlMaps/website-lb-load-balancer",
            "map_id": 331959116312492781,
            "name": "website-lb-load-balancer",
            "path_matcher": [],
            "project": "alperenokur-sandbox-415013",
            "self_link": "https://www.googleapis.com/compute/v1/projects/alperenokur-sandbox-415013/global/urlMaps/website-lb-load-balancer",
            "test": [],
            "timeouts": null
          },
          "sensitive_attributes": [],
          "private": "eyJlMmJmYjczMC1lY2FhLTExZTYtOGY4OC0zNDM2M2JjN2M0YzAiOnsiY3JlYXRlIjoxMjAwMDAwMDAwMDAwLCJkZWxldGUiOjEyMDAwMDAwMDAwMDAsInVwZGF0ZSI6MTIwMDAwMDAwMDAwMH19",
          "dependencies": [
            "module.load_balancer.google_compute_backend_service.default",
            "module.load_balancer.google_compute_health_check.default",
            "module.load_balancer.google_compute_region_network_endpoint_group.serverless_negs",
            "module.managed_instance_group.google_compute_instance_template.tpl",
            "module.managed_instance_group.google_compute_region_instance_group_manager.mig",
            "module.network.google_compute_network.network",
            "module.network.google_compute_subnetwork.subnetwork"
          ]
        }
      ]
    },
    {
      "module": "module.managed_instance_group",
      "mode": "managed",
      "type": "google_compute_instance_template",
      "name": "tpl",
      "provider": "provider[\"registry.terraform.io/hashicorp/google\"]",
      "instances": [
        {
          "index_key": "web-mig",
          "schema_version": 1,
          "attributes": {
            "advanced_machine_features": [],
            "can_ip_forward": false,
            "confidential_instance_config": null,
            "creation_timestamp": "2026-01-20T05:31:21.617-08:00",
            "description": "",
            "disk": [
              {
                "architecture": "",
                "auto_delete": true,
                "boot": true,
                "device_name": "persistent-disk-0",
                "disk_encryption_key": [],
                "disk_name": "",
                "disk_size_gb": 0,
                "disk_type": "pd-standard",
                "guest_os_features": null,
                "interface": "",
                "labels": null,
                "mode": "READ_WRITE",
                "provisioned_iops": 0,
                "provisioned_throughput": 0,
                "resource_manager_tags": null,
                "resource_policies": null,
                "source": "",
                "source_image": "projects/ubuntu-os-cloud/global/images/family/ubuntu-2204-lts",
                "source_image_encryption_key": [],
                "source_snapshot": "",
                "source_snapshot_encryption_key": [],
                "type": "PERSISTENT"
              }
            ],
            "effective_labels": {
              "goog-terraform-provisioned": "true"
            },
            "guest_accelerator": [],
            "id": "projects/alperenokur-sandbox-415013/global/instanceTemplates/web-mig-20260120133119977300000001",
            "instance_description": "",
            "key_revocation_action_type": "",
            "labels": null,
            "machine_type": "e2-medium",
            "metadata": {
              "startup-script": "#!/bin/bash\nexec \u003e \u003e(tee /var/log/startup-script.log|logger -t startup-script -s 2\u003e/dev/console) 2\u003e\u00261\n\napt-get update\napt-get upgrade -y\n\ncurl -fsSL https://deb.nodesource.com/setup_18.x | bash -\napt-get install -y nodejs\n\nsh -c 'echo \"deb http://apt.postgresql.org/pub/repos/apt $(lsb_release -cs)-pgdg main\" \u003e /etc/apt/sources.list.d/pgdg.list'\n\nwget --quiet -O - https://www.postgresql.org/media/keys/ACCC4CF8.asc | apt-key add -\n\napt-get update\napt-get install -y postgresql-15 postgresql-contrib\n\nsudo -u postgres psql -c \"ALTER USER postgres PASSWORD '123456';\"\n\napt install nginx -y\nsystemctl start nginx\nsystemctl enable nginx\n\napt install ufw\nufw --force enable\n\nufw allow 80/tcp\nufw allow 443/tcp\nufw allow 22/tcp\n\nufw reload\n\nnpm install -g pm2\n\necho \"### KURULUM BAŞARIYLA TAMAMLANDI ###\"\n"
            },
            "metadata_fingerprint": "N2z6WCxXQSk=",
            "metadata_startup_script": null,
            "min_cpu_platform": "",
            "name": "web-mig-20260120133119977300000001",
            "name_prefix": "web-mig-",
            "network_interface": [
              {
                "access_config": [
                  {
                    "nat_ip": "",
                    "network_tier": "PREMIUM",
                    "public_ptr_domain_name": ""
                  }
                ],
                "alias_ip_range": [],
                "internal_ipv6_prefix_length": 0,
                "ipv6_access_config": [],
                "ipv6_access_type": "",
                "ipv6_address": "",
                "name": "nic0",
                "network": "https://www.googleapis.com/compute/v1/projects/alperenokur-sandbox-415013/global/networks/website-vpc",
                "network_ip": "",
                "nic_type": "",
                "queue_count": 0,
                "stack_type": "",
                "subnetwork": "https://www.googleapis.com/compute/v1/projects/alperenokur-sandbox-415013/regions/europe-west1/subnetworks/website-subnet",
                "subnetwork_project": "alperenokur-sandbox-415013"
              }
            ],
            "network_performance_config": [],
            "numeric_id": "3574390160407805255",
            "project": "alperenokur-sandbox-415013",
            "region": "europe-west1",
            "reservation_affinity": [],
            "resource_manager_tags": null,
            "resource_policies": null,
            "scheduling": [
              {
                "automatic_restart": true,
                "availability_domain": 0,
                "instance_termination_action": "",
                "local_ssd_recovery_timeout": [],
                "max_run_duration": [],
                "min_node_cpus": 0,
                "node_affinities": [],
                "on_host_maintenance": "MIGRATE",
                "on_instance_stop_action": [],
                "preemptible": false,
                "provisioning_model": "STANDARD",
                "termination_time": ""
              }
            ],
            "self_link": "https://www.googleapis.com/compute/v1/projects/alperenokur-sandbox-415013/global/instanceTemplates/web-mig-20260120133119977300000001",
            "self_link_unique": "https://www.googleapis.com/compute/v1/projects/alperenokur-sandbox-415013/global/instanceTemplates/web-mig-20260120133119977300000001?uniqueId=3574390160407805255",
            "service_account": [],
            "shielded_instance_config": [],
            "tags": [
              "allow-health-check"
            ],
            "tags_fingerprint": "",
            "terraform_labels": {
              "goog-terraform-provisioned": "true"
            },
            "timeouts": null
          },
          "sensitive_attributes": [],
          "private": "eyJlMmJmYjczMC1lY2FhLTExZTYtOGY4OC0zNDM2M2JjN2M0YzAiOnsiY3JlYXRlIjoyNDAwMDAwMDAwMDAsImRlbGV0ZSI6MjQwMDAwMDAwMDAwfSwic2NoZW1hX3ZlcnNpb24iOiIxIn0=",
          "dependencies": [
            "module.network.google_compute_network.network",
            "module.network.google_compute_subnetwork.subnetwork"
          ],
          "create_before_destroy": true
        }
      ]
    },
    {
      "module": "module.managed_instance_group",
      "mode": "managed",
      "type": "google_compute_region_instance_group_manager",
      "name": "mig",
      "provider": "provider[\"registry.terraform.io/hashicorp/google\"]",
      "instances": [
        {
          "index_key": "web-mig",
          "schema_version": 0,
          "attributes": {
            "all_instances_config": [],
            "auto_healing_policies": [],
            "base_instance_name": "web-mig",
            "creation_timestamp": "2026-01-20T05:31:23.373-08:00",
            "description": "",
            "distribution_policy_target_shape": "EVEN",
            "distribution_policy_zones": [
              "europe-west1-b",
              "europe-west1-c",
              "europe-west1-d"
            ],
            "fingerprint": "stP4y50F0e8=",
            "id": "projects/alperenokur-sandbox-415013/regions/europe-west1/instanceGroupManagers/web-mig",
            "instance_flexibility_policy": [],
            "instance_group": "https://www.googleapis.com/compute/v1/projects/alperenokur-sandbox-415013/regions/europe-west1/instanceGroups/web-mig",
            "instance_group_manager_id": 2197263696433134916,
            "instance_lifecycle_policy": [
              {
                "default_action_on_failure": "REPAIR",
                "force_update_on_repair": "NO"
              }
            ],
            "list_managed_instances_results": "PAGELESS",
            "name": "web-mig",
            "named_port": [
              {
                "name": "http",
                "port": 80
              }
            ],
            "project": "alperenokur-sandbox-415013",
            "region": "europe-west1",
            "self_link": "https://www.googleapis.com/compute/v1/projects/alperenokur-sandbox-415013/regions/europe-west1/instanceGroupManagers/web-mig",
            "standby_policy": [
              {
                "initial_delay_sec": 0,
                "mode": "MANUAL"
              }
            ],
            "stateful_disk": [],
            "stateful_external_ip": [],
            "stateful_internal_ip": [],
            "status": [
              {
                "all_instances_config": [
                  {
                    "current_revision": "",
                    "effective": true
                  }
                ],
                "is_stable": false,
                "stateful": [
                  {
                    "has_stateful_config": false,
                    "per_instance_configs": [
                      {
                        "all_effective": true
                      }
                    ]
                  }
                ],
                "version_target": [
                  {
                    "is_reached": true
                  }
                ]
              }
            ],
            "target_pools": null,
            "target_size": 1,
            "target_stopped_size": 0,
            "target_suspended_size": 0,
            "timeouts": null,
            "update_policy": [
              {
                "instance_redistribution_type": "PROACTIVE",
                "max_surge_fixed": 3,
                "max_surge_percent": 0,
                "max_unavailable_fixed": 3,
                "max_unavailable_percent": 0,
                "minimal_action": "REPLACE",
                "most_disruptive_allowed_action": "",
                "replacement_method": "SUBSTITUTE",
                "type": "OPPORTUNISTIC"
              }
            ],
            "version": [
              {
                "instance_template": "https://www.googleapis.com/compute/v1/projects/alperenokur-sandbox-415013/global/instanceTemplates/web-mig-20260120133119977300000001",
                "name": "",
                "target_size": []
              }
            ],
            "wait_for_instances": false,
            "wait_for_instances_status": "STABLE"
          },
          "sensitive_attributes": [],
          "private": "eyJlMmJmYjczMC1lY2FhLTExZTYtOGY4OC0zNDM2M2JjN2M0YzAiOnsiY3JlYXRlIjo5MDAwMDAwMDAwMDAsImRlbGV0ZSI6OTAwMDAwMDAwMDAwLCJ1cGRhdGUiOjkwMDAwMDAwMDAwMH19",
          "dependencies": [
            "module.managed_instance_group.google_compute_instance_template.tpl",
            "module.network.google_compute_network.network",
            "module.network.google_compute_subnetwork.subnetwork"
          ],
          "create_before_destroy": true
        }
      ]
    },
    {
      "module": "module.network",
      "mode": "managed",
      "type": "google_compute_firewall",
      "name": "allow_health_check",
      "provider": "provider[\"registry.terraform.io/hashicorp/google\"]",
      "instances": [
        {
          "schema_version": 1,
          "attributes": {
            "allow": [
              {
                "ports": [
                  "80"
                ],
                "protocol": "tcp"
              }
            ],
            "creation_timestamp": "2026-01-20T05:30:58.918-08:00",
            "deny": [],
            "description": "",
            "destination_ranges": [],
            "direction": "INGRESS",
            "disabled": false,
            "enable_logging": null,
            "id": "projects/alperenokur-sandbox-415013/global/firewalls/website-vpc-allow-health-check",
            "log_config": [],
            "name": "website-vpc-allow-health-check",
            "network": "https://www.googleapis.com/compute/v1/projects/alperenokur-sandbox-415013/global/networks/website-vpc",
            "params": [],
            "priority": 1000,
            "project": "alperenokur-sandbox-415013",
            "self_link": "https://www.googleapis.com/compute/v1/projects/alperenokur-sandbox-415013/global/firewalls/website-vpc-allow-health-check",
            "source_ranges": [
              "130.211.0.0/22",
              "35.191.0.0/16"
            ],
            "source_service_accounts": null,
            "source_tags": null,
            "target_service_accounts": null,
            "target_tags": [
              "allow-health-check"
            ],
            "timeouts": null
          },
          "sensitive_attributes": [],
          "private": "eyJlMmJmYjczMC1lY2FhLTExZTYtOGY4OC0zNDM2M2JjN2M0YzAiOnsiY3JlYXRlIjoxMjAwMDAwMDAwMDAwLCJkZWxldGUiOjEyMDAwMDAwMDAwMDAsInVwZGF0ZSI6MTIwMDAwMDAwMDAwMH0sInNjaGVtYV92ZXJzaW9uIjoiMSJ9",
          "dependencies": [
            "module.network.google_compute_network.network"
          ]
        }
      ]
    },
    {
      "module": "module.network",
      "mode": "managed",
      "type": "google_compute_firewall",
      "name": "custom_rules",
      "provider": "provider[\"registry.terraform.io/hashicorp/google\"]",
      "instances": [
        {
          "index_key": "allow-all-egress",
          "schema_version": 1,
          "attributes": {
            "allow": [
              {
                "ports": [],
                "protocol": "all"
              }
            ],
            "creation_timestamp": "2026-01-20T05:30:59.179-08:00",
            "deny": [],
            "description": "",
            "destination_ranges": [
              "0.0.0.0/0"
            ],
            "direction": "EGRESS",
            "disabled": false,
            "enable_logging": null,
            "id": "projects/alperenokur-sandbox-415013/global/firewalls/allow-all-egress",
            "log_config": [],
            "name": "allow-all-egress",
            "network": "https://www.googleapis.com/compute/v1/projects/alperenokur-sandbox-415013/global/networks/website-vpc",
            "params": [],
            "priority": 1000,
            "project": "alperenokur-sandbox-415013",
            "self_link": "https://www.googleapis.com/compute/v1/projects/alperenokur-sandbox-415013/global/firewalls/allow-all-egress",
            "source_ranges": null,
            "source_service_accounts": null,
            "source_tags": null,
            "target_service_accounts": null,
            "target_tags": null,
            "timeouts": null
          },
          "sensitive_attributes": [],
          "private": "eyJlMmJmYjczMC1lY2FhLTExZTYtOGY4OC0zNDM2M2JjN2M0YzAiOnsiY3JlYXRlIjoxMjAwMDAwMDAwMDAwLCJkZWxldGUiOjEyMDAwMDAwMDAwMDAsInVwZGF0ZSI6MTIwMDAwMDAwMDAwMH0sInNjaGVtYV92ZXJzaW9uIjoiMSJ9",
          "dependencies": [
            "module.network.google_compute_network.network"
          ]
        },
        {
          "index_key": "allow-all-ingress",
          "schema_version": 1,
          "attributes": {
            "allow": [
              {
                "ports": [],
                "protocol": "all"
              }
            ],
            "creation_timestamp": "2026-01-20T05:30:58.975-08:00",
            "deny": [],
            "description": "",
            "destination_ranges": [],
            "direction": "INGRESS",
            "disabled": false,
            "enable_logging": null,
            "id": "projects/alperenokur-sandbox-415013/global/firewalls/allow-all-ingress",
            "log_config": [],
            "name": "allow-all-ingress",
            "network": "https://www.googleapis.com/compute/v1/projects/alperenokur-sandbox-415013/global/networks/website-vpc",
            "params": [],
            "priority": 1000,
            "project": "alperenokur-sandbox-415013",
            "self_link": "https://www.googleapis.com/compute/v1/projects/alperenokur-sandbox-415013/global/firewalls/allow-all-ingress",
            "source_ranges": [
              "0.0.0.0/0"
            ],
            "source_service_accounts": null,
            "source_tags": null,
            "target_service_accounts": null,
            "target_tags": null,
            "timeouts": null
          },
          "sensitive_attributes": [],
          "private": "eyJlMmJmYjczMC1lY2FhLTExZTYtOGY4OC0zNDM2M2JjN2M0YzAiOnsiY3JlYXRlIjoxMjAwMDAwMDAwMDAwLCJkZWxldGUiOjEyMDAwMDAwMDAwMDAsInVwZGF0ZSI6MTIwMDAwMDAwMDAwMH0sInNjaGVtYV92ZXJzaW9uIjoiMSJ9",
          "dependencies": [
            "module.network.google_compute_network.network"
          ]
        }
      ]
    },
    {
      "module": "module.network",
      "mode": "managed",
      "type": "google_compute_global_address",
      "name": "private_ip_alloc",
      "provider": "provider[\"registry.terraform.io/hashicorp/google\"]",
      "instances": [
        {
          "schema_version": 0,
          "attributes": {
            "address": "10.9.0.0",
            "address_type": "INTERNAL",
            "creation_timestamp": "2026-01-20T05:30:59.035-08:00",
            "description": "",
            "effective_labels": {
              "goog-terraform-provisioned": "true"
            },
            "id": "projects/alperenokur-sandbox-415013/global/addresses/website-vpc-private-ip-range",
            "ip_version": "",
            "label_fingerprint": "vezUS-42LLM=",
            "labels": null,
            "name": "website-vpc-private-ip-range",
            "network": "https://www.googleapis.com/compute/v1/projects/alperenokur-sandbox-415013/global/networks/website-vpc",
            "prefix_length": 16,
            "project": "alperenokur-sandbox-415013",
            "purpose": "VPC_PEERING",
            "self_link": "https://www.googleapis.com/compute/v1/projects/alperenokur-sandbox-415013/global/addresses/website-vpc-private-ip-range",
            "terraform_labels": {
              "goog-terraform-provisioned": "true"
            },
            "timeouts": null
          },
          "sensitive_attributes": [],
          "private": "eyJlMmJmYjczMC1lY2FhLTExZTYtOGY4OC0zNDM2M2JjN2M0YzAiOnsiY3JlYXRlIjoxMjAwMDAwMDAwMDAwLCJkZWxldGUiOjEyMDAwMDAwMDAwMDAsInVwZGF0ZSI6MTIwMDAwMDAwMDAwMH19",
          "dependencies": [
            "module.network.google_compute_network.network"
          ]
        }
      ]
    },
    {
      "module": "module.network",
      "mode": "managed",
      "type": "google_compute_network",
      "name": "network",
      "provider": "provider[\"registry.terraform.io/hashicorp/google-beta\"]",
      "instances": [
        {
          "schema_version": 0,
          "attributes": {
            "auto_create_subnetworks": false,
            "bgp_always_compare_med": false,
            "bgp_best_path_selection_mode": "LEGACY",
            "bgp_inter_region_cost": "",
            "delete_bgp_always_compare_med": false,
            "delete_default_routes_on_create": false,
            "description": "",
            "enable_ula_internal_ipv6": false,
            "gateway_ipv4": "",
            "id": "projects/alperenokur-sandbox-415013/global/networks/website-vpc",
            "internal_ipv6_range": "",
            "mtu": 1460,
            "name": "website-vpc",
            "network_firewall_policy_enforcement_order": "AFTER_CLASSIC_FIREWALL",
            "network_id": "1260773118654430568",
            "network_profile": "",
            "numeric_id": "1260773118654430568",
            "params": [],
            "project": "alperenokur-sandbox-415013",
            "routing_mode": "GLOBAL",
            "self_link": "https://www.googleapis.com/compute/v1/projects/alperenokur-sandbox-415013/global/networks/website-vpc",
            "timeouts": null
          },
          "sensitive_attributes": [],
          "private": "eyJlMmJmYjczMC1lY2FhLTExZTYtOGY4OC0zNDM2M2JjN2M0YzAiOnsiY3JlYXRlIjoxMjAwMDAwMDAwMDAwLCJkZWxldGUiOjEyMDAwMDAwMDAwMDAsInVwZGF0ZSI6MTIwMDAwMDAwMDAwMH19",
          "create_before_destroy": true
        }
      ]
    },
    {
      "module": "module.network",
      "mode": "managed",
      "type": "google_compute_subnetwork",
      "name": "subnetwork",
      "provider": "provider[\"registry.terraform.io/hashicorp/google-beta\"]",
      "instances": [
        {
          "index_key": "website-subnet",
          "schema_version": 0,
          "attributes": {
            "allow_subnet_cidr_routes_overlap": false,
            "creation_timestamp": "2026-01-20T05:30:59.270-08:00",
            "description": "",
            "external_ipv6_prefix": "",
            "fingerprint": null,
            "gateway_address": "10.0.1.1",
            "id": "projects/alperenokur-sandbox-415013/regions/europe-west1/subnetworks/website-subnet",
            "internal_ipv6_prefix": "",
            "ip_cidr_range": "10.0.1.0/24",
            "ip_collection": null,
            "ipv6_access_type": "",
            "ipv6_cidr_range": "",
            "ipv6_gce_endpoint": "",
            "log_config": [],
            "name": "website-subnet",
            "network": "https://www.googleapis.com/compute/v1/projects/alperenokur-sandbox-415013/global/networks/website-vpc",
            "params": [],
            "private_ip_google_access": true,
            "private_ipv6_google_access": "DISABLE_GOOGLE_ACCESS",
            "project": "alperenokur-sandbox-415013",
            "purpose": "PRIVATE",
            "region": "europe-west1",
            "reserved_internal_range": "",
            "resolve_subnet_mask": "",
            "role": "",
            "secondary_ip_range": [],
            "self_link": "https://www.googleapis.com/compute/v1/projects/alperenokur-sandbox-415013/regions/europe-west1/subnetworks/website-subnet",
            "send_secondary_ip_range_if_empty": null,
            "stack_type": "IPV4_ONLY",
            "state": "",
            "subnetwork_id": 4644883369929358716,
            "timeouts": null
          },
          "sensitive_attributes": [],
          "private": "eyJlMmJmYjczMC1lY2FhLTExZTYtOGY4OC0zNDM2M2JjN2M0YzAiOnsiY3JlYXRlIjoxMjAwMDAwMDAwMDAwLCJkZWxldGUiOjEyMDAwMDAwMDAwMDAsInVwZGF0ZSI6MTIwMDAwMDAwMDAwMH19",
          "dependencies": [
            "module.network.google_compute_network.network"
          ],
          "create_before_destroy": true
        }
      ]
    },
    {
      "module": "module.network",
      "mode": "managed",
      "type": "google_service_networking_connection",
      "name": "private_vpc_connection",
      "provider": "provider[\"registry.terraform.io/hashicorp/google\"]",
      "instances": [
        {
          "schema_version": 0,
          "attributes": {
            "deletion_policy": "ABANDON",
            "id": "https%3A%2F%2Fwww.googleapis.com%2Fcompute%2Fv1%2Fprojects%2Falperenokur-sandbox-415013%2Fglobal%2Fnetworks%2Fwebsite-vpc:servicenetworking.googleapis.com",
            "network": "https://www.googleapis.com/compute/v1/projects/alperenokur-sandbox-415013/global/networks/website-vpc",
            "peering": "servicenetworking-googleapis-com",
            "reserved_peering_ranges": [
              "website-vpc-private-ip-range"
            ],
            "service": "servicenetworking.googleapis.com",
            "timeouts": null,
            "update_on_creation_fail": null
          },
          "sensitive_attributes": [],
          "private": "eyJlMmJmYjczMC1lY2FhLTExZTYtOGY4OC0zNDM2M2JjN2M0YzAiOnsiY3JlYXRlIjo2MDAwMDAwMDAwMDAsImRlbGV0ZSI6NjAwMDAwMDAwMDAwLCJ1cGRhdGUiOjYwMDAwMDAwMDAwMH19",
          "dependencies": [
            "module.network.google_compute_global_address.private_ip_alloc",
            "module.network.google_compute_network.network"
          ]
        }
      ]
    }
  ],
  "check_results": null
}
